// !$*UTF8*$!
{
	archiveVersion = 1;
	classes = {
	};
	objectVersion = 50;
	objects = {

/* Begin PBXBuildFile section */
		505DC90C20B9594700FD5ED7 /* AppDelegate.swift in Sources */ = {isa = PBXBuildFile; fileRef = 505DC90B20B9594700FD5ED7 /* AppDelegate.swift */; };
		505DC90E20B9594700FD5ED7 /* ViewController.swift in Sources */ = {isa = PBXBuildFile; fileRef = 505DC90D20B9594700FD5ED7 /* ViewController.swift */; };
		505DC91120B9594700FD5ED7 /* Main.storyboard in Resources */ = {isa = PBXBuildFile; fileRef = 505DC90F20B9594700FD5ED7 /* Main.storyboard */; };
		505DC91420B9594700FD5ED7 /* hackathon_adidas_madrid.xcdatamodeld in Sources */ = {isa = PBXBuildFile; fileRef = 505DC91220B9594700FD5ED7 /* hackathon_adidas_madrid.xcdatamodeld */; };
		505DC91620B9594A00FD5ED7 /* Assets.xcassets in Resources */ = {isa = PBXBuildFile; fileRef = 505DC91520B9594A00FD5ED7 /* Assets.xcassets */; };
		505DC91920B9594A00FD5ED7 /* LaunchScreen.storyboard in Resources */ = {isa = PBXBuildFile; fileRef = 505DC91720B9594A00FD5ED7 /* LaunchScreen.storyboard */; };
/* End PBXBuildFile section */

/* Begin PBXFileReference section */
		505DC90820B9594600FD5ED7 /* hackathon-adidas-madrid.app */ = {isa = PBXFileReference; explicitFileType = wrapper.application; includeInIndex = 0; path = "hackathon-adidas-madrid.app"; sourceTree = BUILT_PRODUCTS_DIR; };
		505DC90B20B9594700FD5ED7 /* AppDelegate.swift */ = {isa = PBXFileReference; lastKnownFileType = sourcecode.swift; path = AppDelegate.swift; sourceTree = "<group>"; };
		505DC90D20B9594700FD5ED7 /* ViewController.swift */ = {isa = PBXFileReference; lastKnownFileType = sourcecode.swift; path = ViewController.swift; sourceTree = "<group>"; };
		505DC91020B9594700FD5ED7 /* Base */ = {isa = PBXFileReference; lastKnownFileType = file.storyboard; name = Base; path = Base.lproj/Main.storyboard; sourceTree = "<group>"; };
		505DC91320B9594700FD5ED7 /* hackathon_adidas_madrid.xcdatamodel */ = {isa = PBXFileReference; lastKnownFileType = wrapper.xcdatamodel; path = hackathon_adidas_madrid.xcdatamodel; sourceTree = "<group>"; };
		505DC91520B9594A00FD5ED7 /* Assets.xcassets */ = {isa = PBXFileReference; lastKnownFileType = folder.assetcatalog; path = Assets.xcassets; sourceTree = "<group>"; };
		505DC91820B9594A00FD5ED7 /* Base */ = {isa = PBXFileReference; lastKnownFileType = file.storyboard; name = Base; path = Base.lproj/LaunchScreen.storyboard; sourceTree = "<group>"; };
		505DC91A20B9594A00FD5ED7 /* Info.plist */ = {isa = PBXFileReference; lastKnownFileType = text.plist.xml; path = Info.plist; sourceTree = "<group>"; };
/* End PBXFileReference section */

/* Begin PBXFrameworksBuildPhase section */
		505DC90520B9594600FD5ED7 /* Frameworks */ = {
			isa = PBXFrameworksBuildPhase;
			buildActionMask = 2147483647;
			files = (
			);
			runOnlyForDeploymentPostprocessing = 0;
		};
/* End PBXFrameworksBuildPhase section */

/* Begin PBXGroup section */
		505DC8FF20B9594600FD5ED7 = {
			isa = PBXGroup;
			children = (
				505DC90A20B9594600FD5ED7 /* hackathon-adidas-madrid */,
				505DC90920B9594600FD5ED7 /* Products */,
			);
			sourceTree = "<group>";
		};
		505DC90920B9594600FD5ED7 /* Products */ = {
			isa = PBXGroup;
			children = (
				505DC90820B9594600FD5ED7 /* hackathon-adidas-madrid.app */,
			);
			name = Products;
			sourceTree = "<group>";
		};
		505DC90A20B9594600FD5ED7 /* hackathon-adidas-madrid */ = {
			isa = PBXGroup;
			children = (
				505DC90B20B9594700FD5ED7 /* AppDelegate.swift */,
				505DC90D20B9594700FD5ED7 /* ViewController.swift */,
				505DC90F20B9594700FD5ED7 /* Main.storyboard */,
				505DC91520B9594A00FD5ED7 /* Assets.xcassets */,
				505DC91720B9594A00FD5ED7 /* LaunchScreen.storyboard */,
				505DC91A20B9594A00FD5ED7 /* Info.plist */,
				505DC91220B9594700FD5ED7 /* hackathon_adidas_madrid.xcdatamodeld */,
			);
			path = "hackathon-adidas-madrid";
			sourceTree = "<group>";
		};
/* End PBXGroup section */

/* Begin PBXNativeTarget section */
		505DC90720B9594600FD5ED7 /* hackathon-adidas-madrid */ = {
			isa = PBXNativeTarget;
			buildConfigurationList = 505DC91D20B9594A00FD5ED7 /* Build configuration list for PBXNativeTarget "hackathon-adidas-madrid" */;
			buildPhases = (
				505DC90420B9594600FD5ED7 /* Sources */,
				505DC90520B9594600FD5ED7 /* Frameworks */,
				505DC90620B9594600FD5ED7 /* Resources */,
			);
			buildRules = (
			);
			dependencies = (
			);
			name = "hackathon-adidas-madrid";
			productName = "hackathon-adidas-madrid";
			productReference = 505DC90820B9594600FD5ED7 /* hackathon-adidas-madrid.app */;
			productType = "com.apple.product-type.application";
		};
/* End PBXNativeTarget section */

/* Begin PBXProject section */
		505DC90020B9594600FD5ED7 /* Project object */ = {
			isa = PBXProject;
			attributes = {
				LastSwiftUpdateCheck = 0930;
				LastUpgradeCheck = 0930;
				ORGANIZATIONNAME = "Byron Bacusoy Pinela";
				TargetAttributes = {
					505DC90720B9594600FD5ED7 = {
						CreatedOnToolsVersion = 9.3.1;
					};
				};
			};
			buildConfigurationList = 505DC90320B9594600FD5ED7 /* Build configuration list for PBXProject "hackathon-adidas-madrid" */;
			compatibilityVersion = "Xcode 9.3";
			developmentRegion = en;
			hasScannedForEncodings = 0;
			knownRegions = (
				en,
				Base,
			);
			mainGroup = 505DC8FF20B9594600FD5ED7;
			productRefGroup = 505DC90920B9594600FD5ED7 /* Products */;
			projectDirPath = "";
			projectRoot = "";
			targets = (
				505DC90720B9594600FD5ED7 /* hackathon-adidas-madrid */,
			);
		};
/* End PBXProject section */

/* Begin PBXResourcesBuildPhase section */
		505DC90620B9594600FD5ED7 /* Resources */ = {
			isa = PBXResourcesBuildPhase;
			buildActionMask = 2147483647;
			files = (
				505DC91920B9594A00FD5ED7 /* LaunchScreen.storyboard in Resources */,
				505DC91620B9594A00FD5ED7 /* Assets.xcassets in Resources */,
				505DC91120B9594700FD5ED7 /* Main.storyboard in Resources */,
			);
			runOnlyForDeploymentPostprocessing = 0;
		};
/* End PBXResourcesBuildPhase section */

/* Begin PBXSourcesBuildPhase section */
		505DC90420B9594600FD5ED7 /* Sources */ = {
			isa = PBXSourcesBuildPhase;
			buildActionMask = 2147483647;
			files = (
				505DC91420B9594700FD5ED7 /* hackathon_adidas_madrid.xcdatamodeld in Sources */,
				505DC90E20B9594700FD5ED7 /* ViewController.swift in Sources */,
				505DC90C20B9594700FD5ED7 /* AppDelegate.swift in Sources */,
			);
			runOnlyForDeploymentPostprocessing = 0;
		};
/* End PBXSourcesBuildPhase section */

/* Begin PBXVariantGroup section */
		505DC90F20B9594700FD5ED7 /* Main.storyboard */ = {
			isa = PBXVariantGroup;
			children = (
				505DC91020B9594700FD5ED7 /* Base */,
			);
			name = Main.storyboard;
			sourceTree = "<group>";
		};
		505DC91720B9594A00FD5ED7 /* LaunchScreen.storyboard */ = {
			isa = PBXVariantGroup;
			children = (
				505DC91820B9594A00FD5ED7 /* Base */,
			);
			name = LaunchScreen.storyboard;
			sourceTree = "<group>";
		};
/* End PBXVariantGroup section */

/* Begin XCBuildConfiguration section */
		505DC91B20B9594A00FD5ED7 /* Debug */ = {
			isa = XCBuildConfiguration;
			buildSettings = {
				ALWAYS_SEARCH_USER_PATHS = NO;
				CLANG_ANALYZER_NONNULL = YES;
				CLANG_ANALYZER_NUMBER_OBJECT_CONVERSION = YES_AGGRESSIVE;
				CLANG_CXX_LANGUAGE_STANDARD = "gnu++14";
				CLANG_CXX_LIBRARY = "libc++";
				CLANG_ENABLE_MODULES = YES;
				CLANG_ENABLE_OBJC_ARC = YES;
				CLANG_ENABLE_OBJC_WEAK = YES;
				CLANG_WARN_BLOCK_CAPTURE_AUTORELEASING = YES;
				CLANG_WARN_BOOL_CONVERSION = YES;
				CLANG_WARN_COMMA = YES;
				CLANG_WARN_CONSTANT_CONVERSION = YES;
				CLANG_WARN_DEPRECATED_OBJC_IMPLEMENTATIONS = YES;
				CLANG_WARN_DIRECT_OBJC_ISA_USAGE = YES_ERROR;
				CLANG_WARN_DOCUMENTATION_COMMENTS = YES;
				CLANG_WARN_EMPTY_BODY = YES;
				CLANG_WARN_ENUM_CONVERSION = YES;
				CLANG_WARN_INFINITE_RECURSION = YES;
				CLANG_WARN_INT_CONVERSION = YES;
				CLANG_WARN_NON_LITERAL_NULL_CONVERSION = YES;
				CLANG_WARN_OBJC_IMPLICIT_RETAIN_SELF = YES;
				CLANG_WARN_OBJC_LITERAL_CONVERSION = YES;
				CLANG_WARN_OBJC_ROOT_CLASS = YES_ERROR;
				CLANG_WARN_RANGE_LOOP_ANALYSIS = YES;
				CLANG_WARN_STRICT_PROTOTYPES = YES;
				CLANG_WARN_SUSPICIOUS_MOVE = YES;
				CLANG_WARN_UNGUARDED_AVAILABILITY = YES_AGGRESSIVE;
				CLANG_WARN_UNREACHABLE_CODE = YES;
				CLANG_WARN__DUPLICATE_METHOD_MATCH = YES;
				CODE_SIGN_IDENTITY = "iPhone Developer";
				COPY_PHASE_STRIP = NO;
				DEBUG_INFORMATION_FORMAT = dwarf;
				ENABLE_STRICT_OBJC_MSGSEND = YES;
				ENABLE_TESTABILITY = YES;
				GCC_C_LANGUAGE_STANDARD = gnu11;
				GCC_DYNAMIC_NO_PIC = NO;
				GCC_NO_COMMON_BLOCKS = YES;
				GCC_OPTIMIZATION_LEVEL = 0;
				GCC_PREPROCESSOR_DEFINITIONS = (
					"DEBUG=1",
					"$(inherited)",
				);
				GCC_WARN_64_TO_32_BIT_CONVERSION = YES;
				GCC_WARN_ABOUT_RETURN_TYPE = YES_ERROR;
				GCC_WARN_UNDECLARED_SELECTOR = YES;
				GCC_WARN_UNINITIALIZED_AUTOS = YES_AGGRESSIVE;
				GCC_WARN_UNUSED_FUNCTION = YES;
				GCC_WARN_UNUSED_VARIABLE = YES;
				IPHONEOS_DEPLOYMENT_TARGET = 11.3;
				MTL_ENABLE_DEBUG_INFO = YES;
				ONLY_ACTIVE_ARCH = YES;
				SDKROOT = iphoneos;
				SWIFT_ACTIVE_COMPILATION_CONDITIONS = DEBUG;
				SWIFT_OPTIMIZATION_LEVEL = "-Onone";
			};
			name = Debug;
		};
		505DC91C20B9594A00FD5ED7 /* Release */ = {
			isa = XCBuildConfiguration;
			buildSettings = {
				ALWAYS_SEARCH_USER_PATHS = NO;
				CLANG_ANALYZER_NONNULL = YES;
				CLANG_ANALYZER_NUMBER_OBJECT_CONVERSION = YES_AGGRESSIVE;
				CLANG_CXX_LANGUAGE_STANDARD = "gnu++14";
				CLANG_CXX_LIBRARY = "libc++";
				CLANG_ENABLE_MODULES = YES;
				CLANG_ENABLE_OBJC_ARC = YES;
				CLANG_ENABLE_OBJC_WEAK = YES;
				CLANG_WARN_BLOCK_CAPTURE_AUTORELEASING = YES;
				CLANG_WARN_BOOL_CONVERSION = YES;
				CLANG_WARN_COMMA = YES;
				CLANG_WARN_CONSTANT_CONVERSION = YES;
				CLANG_WARN_DEPRECATED_OBJC_IMPLEMENTATIONS = YES;
				CLANG_WARN_DIRECT_OBJC_ISA_USAGE = YES_ERROR;
				CLANG_WARN_DOCUMENTATION_COMMENTS = YES;
				CLANG_WARN_EMPTY_BODY = YES;
				CLANG_WARN_ENUM_CONVERSION = YES;
				CLANG_WARN_INFINITE_RECURSION = YES;
				CLANG_WARN_INT_CONVERSION = YES;
				CLANG_WARN_NON_LITERAL_NULL_CONVERSION = YES;
				CLANG_WARN_OBJC_IMPLICIT_RETAIN_SELF = YES;
				CLANG_WARN_OBJC_LITERAL_CONVERSION = YES;
				CLANG_WARN_OBJC_ROOT_CLASS = YES_ERROR;
				CLANG_WARN_RANGE_LOOP_ANALYSIS = YES;
				CLANG_WARN_STRICT_PROTOTYPES = YES;
				CLANG_WARN_SUSPICIOUS_MOVE = YES;
				CLANG_WARN_UNGUARDED_AVAILABILITY = YES_AGGRESSIVE;
				CLANG_WARN_UNREACHABLE_CODE = YES;
				CLANG_WARN__DUPLICATE_METHOD_MATCH = YES;
				CODE_SIGN_IDENTITY = "iPhone Developer";
				COPY_PHASE_STRIP = NO;
				DEBUG_INFORMATION_FORMAT = "dwarf-with-dsym";
				ENABLE_NS_ASSERTIONS = NO;
				ENABLE_STRICT_OBJC_MSGSEND = YES;
				GCC_C_LANGUAGE_STANDARD = gnu11;
				GCC_NO_COMMON_BLOCKS = YES;
				GCC_WARN_64_TO_32_BIT_CONVERSION = YES;
				GCC_WARN_ABOUT_RETURN_TYPE = YES_ERROR;
				GCC_WARN_UNDECLARED_SELECTOR = YES;
				GCC_WARN_UNINITIALIZED_AUTOS = YES_AGGRESSIVE;
				GCC_WARN_UNUSED_FUNCTION = YES;
				GCC_WARN_UNUSED_VARIABLE = YES;
				IPHONEOS_DEPLOYMENT_TARGET = 11.3;
				MTL_ENABLE_DEBUG_INFO = NO;
				SDKROOT = iphoneos;
				SWIFT_COMPILATION_MODE = wholemodule;
				SWIFT_OPTIMIZATION_LEVEL = "-O";
				VALIDATE_PRODUCT = YES;
			};
			name = Release;
		};
		505DC91E20B9594A00FD5ED7 /* Debug */ = {
			isa = XCBuildConfiguration;
			buildSettings = {
				ASSETCATALOG_COMPILER_APPICON_NAME = AppIcon;
				CODE_SIGN_STYLE = Automatic;
				DEVELOPMENT_TEAM = 33N8DTS282;
				INFOPLIST_FILE = "hackathon-adidas-madrid/Info.plist";
				LD_RUNPATH_SEARCH_PATHS = (
					"$(inherited)",
					"@executable_path/Frameworks",
				);
				PRODUCT_BUNDLE_IDENTIFIER = "madidas.hackathon-adidas-madrid";
				PRODUCT_NAME = "$(TARGET_NAME)";
				SWIFT_VERSION = 4.0;
				TARGETED_DEVICE_FAMILY = "1,2";
			};
			name = Debug;
		};
		505DC91F20B9594A00FD5ED7 /* Release */ = {
			isa = XCBuildConfiguration;
			buildSettings = {
				ASSETCATALOG_COMPILER_APPICON_NAME = AppIcon;
				CODE_SIGN_STYLE = Automatic;
				DEVELOPMENT_TEAM = 33N8DTS282;
				INFOPLIST_FILE = "hackathon-adidas-madrid/Info.plist";
				LD_RUNPATH_SEARCH_PATHS = (
					"$(inherited)",
					"@executable_path/Frameworks",
				);
				PRODUCT_BUNDLE_IDENTIFIER = "madidas.hackathon-adidas-madrid";
				PRODUCT_NAME = "$(TARGET_NAME)";
				SWIFT_VERSION = 4.0;
				TARGETED_DEVICE_FAMILY = "1,2";
			};
			name = Release;
		};
/* End XCBuildConfiguration section */

/* Begin XCConfigurationList section */
		505DC90320B9594600FD5ED7 /* Build configuration list for PBXProject "hackathon-adidas-madrid" */ = {
			isa = XCConfigurationList;
			buildConfigurations = (
				505DC91B20B9594A00FD5ED7 /* Debug */,
				505DC91C20B9594A00FD5ED7 /* Release */,
			);
			defaultConfigurationIsVisible = 0;
			defaultConfigurationName = Release;
		};
		505DC91D20B9594A00FD5ED7 /* Build configuration list for PBXNativeTarget "hackathon-adidas-madrid" */ = {
			isa = XCConfigurationList;
			buildConfigurations = (
				505DC91E20B9594A00FD5ED7 /* Debug */,
				505DC91F20B9594A00FD5ED7 /* Release */,
			);
			defaultConfigurationIsVisible = 0;
			defaultConfigurationName = Release;
		};
/* End XCConfigurationList section */

/* Begin XCVersionGroup section */
		505DC91220B9594700FD5ED7 /* hackathon_adidas_madrid.xcdatamodeld */ = {
			isa = XCVersionGroup;
			children = (
				505DC91320B9594700FD5ED7 /* hackathon_adidas_madrid.xcdatamodel */,
			);
			currentVersion = 505DC91320B9594700FD5ED7 /* hackathon_adidas_madrid.xcdatamodel */;
			path = hackathon_adidas_madrid.xcdatamodeld;
			sourceTree = "<group>";
			versionGroupType = wrapper.xcdatamodel;
		};
/* End XCVersionGroup section */
	};
	rootObject = 505DC90020B9594600FD5ED7 /* Project object */;
}
